# Auto-generated by skill-sync.sh — DO NOT EDIT
# To update: skill-sync.sh --update
# To diff:   skill-sync.sh --diff
registry: "https://github.com/devopseng99/claude-skills.git"
synced_at: "2026-05-04T13:29:20Z"
default_version: "v3.0.0"
skills:
  pc-build:
    version: "v3.0.0"
    commit: "00125008"
    integrity: "sha256:5c98d07eb65a9c61"
  pc-build-fix:
    version: "v3.0.0"
    commit: "00125008"
    integrity: "sha256:345a978beab1a674"
  pc-deploy:
    version: "v3.0.0"
    commit: "00125008"
    integrity: "sha256:9f735e5bf87ccb10"
  pc-halt:
    version: "v3.0.0"
    commit: "00125008"
    integrity: "sha256:cf0a8cfb58affdf4"
  pc-new-pipeline:
    version: "v3.0.0"
    commit: "00125008"
    integrity: "sha256:cd77e489965a8ff0"
  pc-provision:
    version: "v3.0.0"
    commit: "00125008"
    integrity: "sha256:98d373641346cc0f"
  pc-reset:
    version: "v3.0.0"
    commit: "00125008"
    integrity: "sha256:5826fa3f2ddbf032"
  pc-start:
    version: "v3.0.0"
    commit: "00125008"
    integrity: "sha256:4743af233e34f80d"
  pc-status:
    version: "v3.0.0"
    commit: "00125008"
    integrity: "sha256:1c6194e055139ef5"

